{"is_source_file": true, "file_id": 22, "git_revision": "04505e64953f81b4b3c4bc024ba327ee52daddc6", "state": 1, "description": "", "external_files": [], "external_methods": [], "published": [], "classes": [], "methods": [], "calls": [], "search-terms": [], "filename": "/home/kavia/workspace/code-generation/electromonitor-12508-12515/main_container_for_electromonitor/post_process_status.lock", "hash": "e9b4c3b42cef0193b7fddb548d37e652", "format-version": 4, "code-base-name": "default", "knowledge_revision": 44}